// !$*UTF8*$!
{
	archiveVersion = 1;
	classes = {
	};
	objectVersion = 50;
	objects = {

/* Begin PBXBuildFile section */
		FDCB4789227643D600E1CDEF /* AppDelegate.swift in Sources */ = {isa = PBXBuildFile; fileRef = FDCB4788227643D600E1CDEF /* AppDelegate.swift */; };
		FDCB478B227643D600E1CDEF /* TodoViewController.swift in Sources */ = {isa = PBXBuildFile; fileRef = FDCB478A227643D600E1CDEF /* TodoViewController.swift */; };
		FDCB478E227643D600E1CDEF /* Main.storyboard in Resources */ = {isa = PBXBuildFile; fileRef = FDCB478C227643D600E1CDEF /* Main.storyboard */; };
		FDCB4791227643D600E1CDEF /* ToDoList.xcdatamodeld in Sources */ = {isa = PBXBuildFile; fileRef = FDCB478F227643D600E1CDEF /* ToDoList.xcdatamodeld */; };
		FDCB4793227643D800E1CDEF /* Assets.xcassets in Resources */ = {isa = PBXBuildFile; fileRef = FDCB4792227643D800E1CDEF /* Assets.xcassets */; };
		FDCB4796227643D800E1CDEF /* LaunchScreen.storyboard in Resources */ = {isa = PBXBuildFile; fileRef = FDCB4794227643D800E1CDEF /* LaunchScreen.storyboard */; };
		FDCB47A1227643D800E1CDEF /* ToDoListTests.swift in Sources */ = {isa = PBXBuildFile; fileRef = FDCB47A0227643D800E1CDEF /* ToDoListTests.swift */; };
		FDCB47AC227643D800E1CDEF /* ToDoListUITests.swift in Sources */ = {isa = PBXBuildFile; fileRef = FDCB47AB227643D800E1CDEF /* ToDoListUITests.swift */; };
		FDCB47BA2276443900E1CDEF /* TodoListTableViewController.swift in Sources */ = {isa = PBXBuildFile; fileRef = FDCB47B92276443900E1CDEF /* TodoListTableViewController.swift */; };
		FDCB47BE2276478B00E1CDEF /* CreateTodoViewController.swift in Sources */ = {isa = PBXBuildFile; fileRef = FDCB47BD2276478B00E1CDEF /* CreateTodoViewController.swift */; };
/* End PBXBuildFile section */

/* Begin PBXContainerItemProxy section */
		FDCB479D227643D800E1CDEF /* PBXContainerItemProxy */ = {
			isa = PBXContainerItemProxy;
			containerPortal = FDCB477D227643D600E1CDEF /* Project object */;
			proxyType = 1;
			remoteGlobalIDString = FDCB4784227643D600E1CDEF;
			remoteInfo = ToDoList;
		};
		FDCB47A8227643D800E1CDEF /* PBXContainerItemProxy */ = {
			isa = PBXContainerItemProxy;
			containerPortal = FDCB477D227643D600E1CDEF /* Project object */;
			proxyType = 1;
			remoteGlobalIDString = FDCB4784227643D600E1CDEF;
			remoteInfo = ToDoList;
		};
/* End PBXContainerItemProxy section */

/* Begin PBXFileReference section */
		FDCB4785227643D600E1CDEF /* ToDoList.app */ = {isa = PBXFileReference; explicitFileType = wrapper.application; includeInIndex = 0; path = ToDoList.app; sourceTree = BUILT_PRODUCTS_DIR; };
		FDCB4788227643D600E1CDEF /* AppDelegate.swift */ = {isa = PBXFileReference; lastKnownFileType = sourcecode.swift; path = AppDelegate.swift; sourceTree = "<group>"; };
		FDCB478A227643D600E1CDEF /* TodoViewController.swift */ = {isa = PBXFileReference; lastKnownFileType = sourcecode.swift; path = TodoViewController.swift; sourceTree = "<group>"; };
		FDCB478D227643D600E1CDEF /* Base */ = {isa = PBXFileReference; lastKnownFileType = file.storyboard; name = Base; path = Base.lproj/Main.storyboard; sourceTree = "<group>"; };
		FDCB4790227643D600E1CDEF /* ToDoList.xcdatamodel */ = {isa = PBXFileReference; lastKnownFileType = wrapper.xcdatamodel; path = ToDoList.xcdatamodel; sourceTree = "<group>"; };
		FDCB4792227643D800E1CDEF /* Assets.xcassets */ = {isa = PBXFileReference; lastKnownFileType = folder.assetcatalog; path = Assets.xcassets; sourceTree = "<group>"; };
		FDCB4795227643D800E1CDEF /* Base */ = {isa = PBXFileReference; lastKnownFileType = file.storyboard; name = Base; path = Base.lproj/LaunchScreen.storyboard; sourceTree = "<group>"; };
		FDCB4797227643D800E1CDEF /* Info.plist */ = {isa = PBXFileReference; lastKnownFileType = text.plist.xml; path = Info.plist; sourceTree = "<group>"; };
		FDCB479C227643D800E1CDEF /* ToDoListTests.xctest */ = {isa = PBXFileReference; explicitFileType = wrapper.cfbundle; includeInIndex = 0; path = ToDoListTests.xctest; sourceTree = BUILT_PRODUCTS_DIR; };
		FDCB47A0227643D800E1CDEF /* ToDoListTests.swift */ = {isa = PBXFileReference; lastKnownFileType = sourcecode.swift; path = ToDoListTests.swift; sourceTree = "<group>"; };
		FDCB47A2227643D800E1CDEF /* Info.plist */ = {isa = PBXFileReference; lastKnownFileType = text.plist.xml; path = Info.plist; sourceTree = "<group>"; };
		FDCB47A7227643D800E1CDEF /* ToDoListUITests.xctest */ = {isa = PBXFileReference; explicitFileType = wrapper.cfbundle; includeInIndex = 0; path = ToDoListUITests.xctest; sourceTree = BUILT_PRODUCTS_DIR; };
		FDCB47AB227643D800E1CDEF /* ToDoListUITests.swift */ = {isa = PBXFileReference; lastKnownFileType = sourcecode.swift; path = ToDoListUITests.swift; sourceTree = "<group>"; };
		FDCB47AD227643D800E1CDEF /* Info.plist */ = {isa = PBXFileReference; lastKnownFileType = text.plist.xml; path = Info.plist; sourceTree = "<group>"; };
		FDCB47B92276443900E1CDEF /* TodoListTableViewController.swift */ = {isa = PBXFileReference; lastKnownFileType = sourcecode.swift; path = TodoListTableViewController.swift; sourceTree = "<group>"; };
		FDCB47BD2276478B00E1CDEF /* CreateTodoViewController.swift */ = {isa = PBXFileReference; lastKnownFileType = sourcecode.swift; path = CreateTodoViewController.swift; sourceTree = "<group>"; };
/* End PBXFileReference section */

/* Begin PBXFrameworksBuildPhase section */
		FDCB4782227643D600E1CDEF /* Frameworks */ = {
			isa = PBXFrameworksBuildPhase;
			buildActionMask = 2147483647;
			files = (
			);
			runOnlyForDeploymentPostprocessing = 0;
		};
		FDCB4799227643D800E1CDEF /* Frameworks */ = {
			isa = PBXFrameworksBuildPhase;
			buildActionMask = 2147483647;
			files = (
			);
			runOnlyForDeploymentPostprocessing = 0;
		};
		FDCB47A4227643D800E1CDEF /* Frameworks */ = {
			isa = PBXFrameworksBuildPhase;
			buildActionMask = 2147483647;
			files = (
			);
			runOnlyForDeploymentPostprocessing = 0;
		};
/* End PBXFrameworksBuildPhase section */

/* Begin PBXGroup section */
		FDCB477C227643D600E1CDEF = {
			isa = PBXGroup;
			children = (
				FDCB4787227643D600E1CDEF /* ToDoList */,
				FDCB479F227643D800E1CDEF /* ToDoListTests */,
				FDCB47AA227643D800E1CDEF /* ToDoListUITests */,
				FDCB4786227643D600E1CDEF /* Products */,
			);
			sourceTree = "<group>";
		};
		FDCB4786227643D600E1CDEF /* Products */ = {
			isa = PBXGroup;
			children = (
				FDCB4785227643D600E1CDEF /* ToDoList.app */,
				FDCB479C227643D800E1CDEF /* ToDoListTests.xctest */,
				FDCB47A7227643D800E1CDEF /* ToDoListUITests.xctest */,
			);
			name = Products;
			sourceTree = "<group>";
		};
		FDCB4787227643D600E1CDEF /* ToDoList */ = {
			isa = PBXGroup;
			children = (
				FDCB4788227643D600E1CDEF /* AppDelegate.swift */,
				FDCB478A227643D600E1CDEF /* TodoViewController.swift */,
				FDCB47B92276443900E1CDEF /* TodoListTableViewController.swift */,
				FDCB47BD2276478B00E1CDEF /* CreateTodoViewController.swift */,
				FDCB478C227643D600E1CDEF /* Main.storyboard */,
				FDCB4792227643D800E1CDEF /* Assets.xcassets */,
				FDCB4794227643D800E1CDEF /* LaunchScreen.storyboard */,
				FDCB4797227643D800E1CDEF /* Info.plist */,
				FDCB478F227643D600E1CDEF /* ToDoList.xcdatamodeld */,
			);
			path = ToDoList;
			sourceTree = "<group>";
		};
		FDCB479F227643D800E1CDEF /* ToDoListTests */ = {
			isa = PBXGroup;
			children = (
				FDCB47A0227643D800E1CDEF /* ToDoListTests.swift */,
				FDCB47A2227643D800E1CDEF /* Info.plist */,
			);
			path = ToDoListTests;
			sourceTree = "<group>";
		};
		FDCB47AA227643D800E1CDEF /* ToDoListUITests */ = {
			isa = PBXGroup;
			children = (
				FDCB47AB227643D800E1CDEF /* ToDoListUITests.swift */,
				FDCB47AD227643D800E1CDEF /* Info.plist */,
			);
			path = ToDoListUITests;
			sourceTree = "<group>";
		};
/* End PBXGroup section */

/* Begin PBXNativeTarget section */
		FDCB4784227643D600E1CDEF /* ToDoList */ = {
			isa = PBXNativeTarget;
			buildConfigurationList = FDCB47B0227643D800E1CDEF /* Build configuration list for PBXNativeTarget "ToDoList" */;
			buildPhases = (
				FDCB4781227643D600E1CDEF /* Sources */,
				FDCB4782227643D600E1CDEF /* Frameworks */,
				FDCB4783227643D600E1CDEF /* Resources */,
			);
			buildRules = (
			);
			dependencies = (
			);
			name = ToDoList;
			productName = ToDoList;
			productReference = FDCB4785227643D600E1CDEF /* ToDoList.app */;
			productType = "com.apple.product-type.application";
		};
		FDCB479B227643D800E1CDEF /* ToDoListTests */ = {
			isa = PBXNativeTarget;
			buildConfigurationList = FDCB47B3227643D800E1CDEF /* Build configuration list for PBXNativeTarget "ToDoListTests" */;
			buildPhases = (
				FDCB4798227643D800E1CDEF /* Sources */,
				FDCB4799227643D800E1CDEF /* Frameworks */,
				FDCB479A227643D800E1CDEF /* Resources */,
			);
			buildRules = (
			);
			dependencies = (
				FDCB479E227643D800E1CDEF /* PBXTargetDependency */,
			);
			name = ToDoListTests;
			productName = ToDoListTests;
			productReference = FDCB479C227643D800E1CDEF /* ToDoListTests.xctest */;
			productType = "com.apple.product-type.bundle.unit-test";
		};
		FDCB47A6227643D800E1CDEF /* ToDoListUITests */ = {
			isa = PBXNativeTarget;
			buildConfigurationList = FDCB47B6227643D800E1CDEF /* Build configuration list for PBXNativeTarget "ToDoListUITests" */;
			buildPhases = (
				FDCB47A3227643D800E1CDEF /* Sources */,
				FDCB47A4227643D800E1CDEF /* Frameworks */,
				FDCB47A5227643D800E1CDEF /* Resources */,
			);
			buildRules = (
			);
			dependencies = (
				FDCB47A9227643D800E1CDEF /* PBXTargetDependency */,
			);
			name = ToDoListUITests;
			productName = ToDoListUITests;
			productReference = FDCB47A7227643D800E1CDEF /* ToDoListUITests.xctest */;
			productType = "com.apple.product-type.bundle.ui-testing";
		};
/* End PBXNativeTarget section */

/* Begin PBXProject section */
		FDCB477D227643D600E1CDEF /* Project object */ = {
			isa = PBXProject;
			attributes = {
				LastSwiftUpdateCheck = 1020;
				LastUpgradeCheck = 1020;
				ORGANIZATIONNAME = "Matthew Kornfield";
				TargetAttributes = {
					FDCB4784227643D600E1CDEF = {
						CreatedOnToolsVersion = 10.2.1;
					};
					FDCB479B227643D800E1CDEF = {
						CreatedOnToolsVersion = 10.2.1;
						TestTargetID = FDCB4784227643D600E1CDEF;
					};
					FDCB47A6227643D800E1CDEF = {
						CreatedOnToolsVersion = 10.2.1;
						TestTargetID = FDCB4784227643D600E1CDEF;
					};
				};
			};
			buildConfigurationList = FDCB4780227643D600E1CDEF /* Build configuration list for PBXProject "ToDoList" */;
			compatibilityVersion = "Xcode 9.3";
			developmentRegion = en;
			hasScannedForEncodings = 0;
			knownRegions = (
				en,
				Base,
			);
			mainGroup = FDCB477C227643D600E1CDEF;
			productRefGroup = FDCB4786227643D600E1CDEF /* Products */;
			projectDirPath = "";
			projectRoot = "";
			targets = (
				FDCB4784227643D600E1CDEF /* ToDoList */,
				FDCB479B227643D800E1CDEF /* ToDoListTests */,
				FDCB47A6227643D800E1CDEF /* ToDoListUITests */,
			);
		};
/* End PBXProject section */

/* Begin PBXResourcesBuildPhase section */
		FDCB4783227643D600E1CDEF /* Resources */ = {
			isa = PBXResourcesBuildPhase;
			buildActionMask = 2147483647;
			files = (
				FDCB4796227643D800E1CDEF /* LaunchScreen.storyboard in Resources */,
				FDCB4793227643D800E1CDEF /* Assets.xcassets in Resources */,
				FDCB478E227643D600E1CDEF /* Main.storyboard in Resources */,
			);
			runOnlyForDeploymentPostprocessing = 0;
		};
		FDCB479A227643D800E1CDEF /* Resources */ = {
			isa = PBXResourcesBuildPhase;
			buildActionMask = 2147483647;
			files = (
			);
			runOnlyForDeploymentPostprocessing = 0;
		};
		FDCB47A5227643D800E1CDEF /* Resources */ = {
			isa = PBXResourcesBuildPhase;
			buildActionMask = 2147483647;
			files = (
			);
			runOnlyForDeploymentPostprocessing = 0;
		};
/* End PBXResourcesBuildPhase section */

/* Begin PBXSourcesBuildPhase section */
		FDCB4781227643D600E1CDEF /* Sources */ = {
			isa = PBXSourcesBuildPhase;
			buildActionMask = 2147483647;
			files = (
				FDCB478B227643D600E1CDEF /* TodoViewController.swift in Sources */,
				FDCB4791227643D600E1CDEF /* ToDoList.xcdatamodeld in Sources */,
				FDCB4789227643D600E1CDEF /* AppDelegate.swift in Sources */,
				FDCB47BE2276478B00E1CDEF /* CreateTodoViewController.swift in Sources */,
				FDCB47BA2276443900E1CDEF /* TodoListTableViewController.swift in Sources */,
			);
			runOnlyForDeploymentPostprocessing = 0;
		};
		FDCB4798227643D800E1CDEF /* Sources */ = {
			isa = PBXSourcesBuildPhase;
			buildActionMask = 2147483647;
			files = (
				FDCB47A1227643D800E1CDEF /* ToDoListTests.swift in Sources */,
			);
			runOnlyForDeploymentPostprocessing = 0;
		};
		FDCB47A3227643D800E1CDEF /* Sources */ = {
			isa = PBXSourcesBuildPhase;
			buildActionMask = 2147483647;
			files = (
				FDCB47AC227643D800E1CDEF /* ToDoListUITests.swift in Sources */,
			);
			runOnlyForDeploymentPostprocessing = 0;
		};
/* End PBXSourcesBuildPhase section */

/* Begin PBXTargetDependency section */
		FDCB479E227643D800E1CDEF /* PBXTargetDependency */ = {
			isa = PBXTargetDependency;
			target = FDCB4784227643D600E1CDEF /* ToDoList */;
			targetProxy = FDCB479D227643D800E1CDEF /* PBXContainerItemProxy */;
		};
		FDCB47A9227643D800E1CDEF /* PBXTargetDependency */ = {
			isa = PBXTargetDependency;
			target = FDCB4784227643D600E1CDEF /* ToDoList */;
			targetProxy = FDCB47A8227643D800E1CDEF /* PBXContainerItemProxy */;
		};
/* End PBXTargetDependency section */

/* Begin PBXVariantGroup section */
		FDCB478C227643D600E1CDEF /* Main.storyboard */ = {
			isa = PBXVariantGroup;
			children = (
				FDCB478D227643D600E1CDEF /* Base */,
			);
			name = Main.storyboard;
			sourceTree = "<group>";
		};
		FDCB4794227643D800E1CDEF /* LaunchScreen.storyboard */ = {
			isa = PBXVariantGroup;
			children = (
				FDCB4795227643D800E1CDEF /* Base */,
			);
			name = LaunchScreen.storyboard;
			sourceTree = "<group>";
		};
/* End PBXVariantGroup section */

/* Begin XCBuildConfiguration section */
		FDCB47AE227643D800E1CDEF /* Debug */ = {
			isa = XCBuildConfiguration;
			buildSettings = {
				ALWAYS_SEARCH_USER_PATHS = NO;
				CLANG_ANALYZER_NONNULL = YES;
				CLANG_ANALYZER_NUMBER_OBJECT_CONVERSION = YES_AGGRESSIVE;
				CLANG_CXX_LANGUAGE_STANDARD = "gnu++14";
				CLANG_CXX_LIBRARY = "libc++";
				CLANG_ENABLE_MODULES = YES;
				CLANG_ENABLE_OBJC_ARC = YES;
				CLANG_ENABLE_OBJC_WEAK = YES;
				CLANG_WARN_BLOCK_CAPTURE_AUTORELEASING = YES;
				CLANG_WARN_BOOL_CONVERSION = YES;
				CLANG_WARN_COMMA = YES;
				CLANG_WARN_CONSTANT_CONVERSION = YES;
				CLANG_WARN_DEPRECATED_OBJC_IMPLEMENTATIONS = YES;
				CLANG_WARN_DIRECT_OBJC_ISA_USAGE = YES_ERROR;
				CLANG_WARN_DOCUMENTATION_COMMENTS = YES;
				CLANG_WARN_EMPTY_BODY = YES;
				CLANG_WARN_ENUM_CONVERSION = YES;
				CLANG_WARN_INFINITE_RECURSION = YES;
				CLANG_WARN_INT_CONVERSION = YES;
				CLANG_WARN_NON_LITERAL_NULL_CONVERSION = YES;
				CLANG_WARN_OBJC_IMPLICIT_RETAIN_SELF = YES;
				CLANG_WARN_OBJC_LITERAL_CONVERSION = YES;
				CLANG_WARN_OBJC_ROOT_CLASS = YES_ERROR;
				CLANG_WARN_RANGE_LOOP_ANALYSIS = YES;
				CLANG_WARN_STRICT_PROTOTYPES = YES;
				CLANG_WARN_SUSPICIOUS_MOVE = YES;
				CLANG_WARN_UNGUARDED_AVAILABILITY = YES_AGGRESSIVE;
				CLANG_WARN_UNREACHABLE_CODE = YES;
				CLANG_WARN__DUPLICATE_METHOD_MATCH = YES;
				CODE_SIGN_IDENTITY = "iPhone Developer";
				COPY_PHASE_STRIP = NO;
				DEBUG_INFORMATION_FORMAT = dwarf;
				ENABLE_STRICT_OBJC_MSGSEND = YES;
				ENABLE_TESTABILITY = YES;
				GCC_C_LANGUAGE_STANDARD = gnu11;
				GCC_DYNAMIC_NO_PIC = NO;
				GCC_NO_COMMON_BLOCKS = YES;
				GCC_OPTIMIZATION_LEVEL = 0;
				GCC_PREPROCESSOR_DEFINITIONS = (
					"DEBUG=1",
					"$(inherited)",
				);
				GCC_WARN_64_TO_32_BIT_CONVERSION = YES;
				GCC_WARN_ABOUT_RETURN_TYPE = YES_ERROR;
				GCC_WARN_UNDECLARED_SELECTOR = YES;
				GCC_WARN_UNINITIALIZED_AUTOS = YES_AGGRESSIVE;
				GCC_WARN_UNUSED_FUNCTION = YES;
				GCC_WARN_UNUSED_VARIABLE = YES;
				IPHONEOS_DEPLOYMENT_TARGET = 12.2;
				MTL_ENABLE_DEBUG_INFO = INCLUDE_SOURCE;
				MTL_FAST_MATH = YES;
				ONLY_ACTIVE_ARCH = YES;
				SDKROOT = iphoneos;
				SWIFT_ACTIVE_COMPILATION_CONDITIONS = DEBUG;
				SWIFT_OPTIMIZATION_LEVEL = "-Onone";
			};
			name = Debug;
		};
		FDCB47AF227643D800E1CDEF /* Release */ = {
			isa = XCBuildConfiguration;
			buildSettings = {
				ALWAYS_SEARCH_USER_PATHS = NO;
				CLANG_ANALYZER_NONNULL = YES;
				CLANG_ANALYZER_NUMBER_OBJECT_CONVERSION = YES_AGGRESSIVE;
				CLANG_CXX_LANGUAGE_STANDARD = "gnu++14";
				CLANG_CXX_LIBRARY = "libc++";
				CLANG_ENABLE_MODULES = YES;
				CLANG_ENABLE_OBJC_ARC = YES;
				CLANG_ENABLE_OBJC_WEAK = YES;
				CLANG_WARN_BLOCK_CAPTURE_AUTORELEASING = YES;
				CLANG_WARN_BOOL_CONVERSION = YES;
				CLANG_WARN_COMMA = YES;
				CLANG_WARN_CONSTANT_CONVERSION = YES;
				CLANG_WARN_DEPRECATED_OBJC_IMPLEMENTATIONS = YES;
				CLANG_WARN_DIRECT_OBJC_ISA_USAGE = YES_ERROR;
				CLANG_WARN_DOCUMENTATION_COMMENTS = YES;
				CLANG_WARN_EMPTY_BODY = YES;
				CLANG_WARN_ENUM_CONVERSION = YES;
				CLANG_WARN_INFINITE_RECURSION = YES;
				CLANG_WARN_INT_CONVERSION = YES;
				CLANG_WARN_NON_LITERAL_NULL_CONVERSION = YES;
				CLANG_WARN_OBJC_IMPLICIT_RETAIN_SELF = YES;
				CLANG_WARN_OBJC_LITERAL_CONVERSION = YES;
				CLANG_WARN_OBJC_ROOT_CLASS = YES_ERROR;
				CLANG_WARN_RANGE_LOOP_ANALYSIS = YES;
				CLANG_WARN_STRICT_PROTOTYPES = YES;
				CLANG_WARN_SUSPICIOUS_MOVE = YES;
				CLANG_WARN_UNGUARDED_AVAILABILITY = YES_AGGRESSIVE;
				CLANG_WARN_UNREACHABLE_CODE = YES;
				CLANG_WARN__DUPLICATE_METHOD_MATCH = YES;
				CODE_SIGN_IDENTITY = "iPhone Developer";
				COPY_PHASE_STRIP = NO;
				DEBUG_INFORMATION_FORMAT = "dwarf-with-dsym";
				ENABLE_NS_ASSERTIONS = NO;
				ENABLE_STRICT_OBJC_MSGSEND = YES;
				GCC_C_LANGUAGE_STANDARD = gnu11;
				GCC_NO_COMMON_BLOCKS = YES;
				GCC_WARN_64_TO_32_BIT_CONVERSION = YES;
				GCC_WARN_ABOUT_RETURN_TYPE = YES_ERROR;
				GCC_WARN_UNDECLARED_SELECTOR = YES;
				GCC_WARN_UNINITIALIZED_AUTOS = YES_AGGRESSIVE;
				GCC_WARN_UNUSED_FUNCTION = YES;
				GCC_WARN_UNUSED_VARIABLE = YES;
				IPHONEOS_DEPLOYMENT_TARGET = 12.2;
				MTL_ENABLE_DEBUG_INFO = NO;
				MTL_FAST_MATH = YES;
				SDKROOT = iphoneos;
				SWIFT_COMPILATION_MODE = wholemodule;
				SWIFT_OPTIMIZATION_LEVEL = "-O";
				VALIDATE_PRODUCT = YES;
			};
			name = Release;
		};
		FDCB47B1227643D800E1CDEF /* Debug */ = {
			isa = XCBuildConfiguration;
			buildSettings = {
				ASSETCATALOG_COMPILER_APPICON_NAME = AppIcon;
				CODE_SIGN_STYLE = Automatic;
				INFOPLIST_FILE = ToDoList/Info.plist;
				LD_RUNPATH_SEARCH_PATHS = (
					"$(inherited)",
					"@executable_path/Frameworks",
				);
				PRODUCT_BUNDLE_IDENTIFIER = com.mckornfield.ToDoList;
				PRODUCT_NAME = "$(TARGET_NAME)";
				SWIFT_VERSION = 5.0;
				TARGETED_DEVICE_FAMILY = "1,2";
			};
			name = Debug;
		};
		FDCB47B2227643D800E1CDEF /* Release */ = {
			isa = XCBuildConfiguration;
			buildSettings = {
				ASSETCATALOG_COMPILER_APPICON_NAME = AppIcon;
				CODE_SIGN_STYLE = Automatic;
				INFOPLIST_FILE = ToDoList/Info.plist;
				LD_RUNPATH_SEARCH_PATHS = (
					"$(inherited)",
					"@executable_path/Frameworks",
				);
				PRODUCT_BUNDLE_IDENTIFIER = com.mckornfield.ToDoList;
				PRODUCT_NAME = "$(TARGET_NAME)";
				SWIFT_VERSION = 5.0;
				TARGETED_DEVICE_FAMILY = "1,2";
			};
			name = Release;
		};
		FDCB47B4227643D800E1CDEF /* Debug */ = {
			isa = XCBuildConfiguration;
			buildSettings = {
				ALWAYS_EMBED_SWIFT_STANDARD_LIBRARIES = YES;
				BUNDLE_LOADER = "$(TEST_HOST)";
				CODE_SIGN_STYLE = Automatic;
				INFOPLIST_FILE = ToDoListTests/Info.plist;
				LD_RUNPATH_SEARCH_PATHS = (
					"$(inherited)",
					"@executable_path/Frameworks",
					"@loader_path/Frameworks",
				);
				PRODUCT_BUNDLE_IDENTIFIER = com.mckornfield.ToDoListTests;
				PRODUCT_NAME = "$(TARGET_NAME)";
				SWIFT_VERSION = 5.0;
				TARGETED_DEVICE_FAMILY = "1,2";
				TEST_HOST = "$(BUILT_PRODUCTS_DIR)/ToDoList.app/ToDoList";
			};
			name = Debug;
		};
		FDCB47B5227643D800E1CDEF /* Release */ = {
			isa = XCBuildConfiguration;
			buildSettings = {
				ALWAYS_EMBED_SWIFT_STANDARD_LIBRARIES = YES;
				BUNDLE_LOADER = "$(TEST_HOST)";
				CODE_SIGN_STYLE = Automatic;
				INFOPLIST_FILE = ToDoListTests/Info.plist;
				LD_RUNPATH_SEARCH_PATHS = (
					"$(inherited)",
					"@executable_path/Frameworks",
					"@loader_path/Frameworks",
				);
				PRODUCT_BUNDLE_IDENTIFIER = com.mckornfield.ToDoListTests;
				PRODUCT_NAME = "$(TARGET_NAME)";
				SWIFT_VERSION = 5.0;
				TARGETED_DEVICE_FAMILY = "1,2";
				TEST_HOST = "$(BUILT_PRODUCTS_DIR)/ToDoList.app/ToDoList";
			};
			name = Release;
		};
		FDCB47B7227643D800E1CDEF /* Debug */ = {
			isa = XCBuildConfiguration;
			buildSettings = {
				ALWAYS_EMBED_SWIFT_STANDARD_LIBRARIES = YES;
				CODE_SIGN_STYLE = Automatic;
				INFOPLIST_FILE = ToDoListUITests/Info.plist;
				LD_RUNPATH_SEARCH_PATHS = (
					"$(inherited)",
					"@executable_path/Frameworks",
					"@loader_path/Frameworks",
				);
				PRODUCT_BUNDLE_IDENTIFIER = com.mckornfield.ToDoListUITests;
				PRODUCT_NAME = "$(TARGET_NAME)";
				SWIFT_VERSION = 5.0;
				TARGETED_DEVICE_FAMILY = "1,2";
				TEST_TARGET_NAME = ToDoList;
			};
			name = Debug;
		};
		FDCB47B8227643D800E1CDEF /* Release */ = {
			isa = XCBuildConfiguration;
			buildSettings = {
				ALWAYS_EMBED_SWIFT_STANDARD_LIBRARIES = YES;
				CODE_SIGN_STYLE = Automatic;
				INFOPLIST_FILE = ToDoListUITests/Info.plist;
				LD_RUNPATH_SEARCH_PATHS = (
					"$(inherited)",
					"@executable_path/Frameworks",
					"@loader_path/Frameworks",
				);
				PRODUCT_BUNDLE_IDENTIFIER = com.mckornfield.ToDoListUITests;
				PRODUCT_NAME = "$(TARGET_NAME)";
				SWIFT_VERSION = 5.0;
				TARGETED_DEVICE_FAMILY = "1,2";
				TEST_TARGET_NAME = ToDoList;
			};
			name = Release;
		};
/* End XCBuildConfiguration section */

/* Begin XCConfigurationList section */
		FDCB4780227643D600E1CDEF /* Build configuration list for PBXProject "ToDoList" */ = {
			isa = XCConfigurationList;
			buildConfigurations = (
				FDCB47AE227643D800E1CDEF /* Debug */,
				FDCB47AF227643D800E1CDEF /* Release */,
			);
			defaultConfigurationIsVisible = 0;
			defaultConfigurationName = Release;
		};
		FDCB47B0227643D800E1CDEF /* Build configuration list for PBXNativeTarget "ToDoList" */ = {
			isa = XCConfigurationList;
			buildConfigurations = (
				FDCB47B1227643D800E1CDEF /* Debug */,
				FDCB47B2227643D800E1CDEF /* Release */,
			);
			defaultConfigurationIsVisible = 0;
			defaultConfigurationName = Release;
		};
		FDCB47B3227643D800E1CDEF /* Build configuration list for PBXNativeTarget "ToDoListTests" */ = {
			isa = XCConfigurationList;
			buildConfigurations = (
				FDCB47B4227643D800E1CDEF /* Debug */,
				FDCB47B5227643D800E1CDEF /* Release */,
			);
			defaultConfigurationIsVisible = 0;
			defaultConfigurationName = Release;
		};
		FDCB47B6227643D800E1CDEF /* Build configuration list for PBXNativeTarget "ToDoListUITests" */ = {
			isa = XCConfigurationList;
			buildConfigurations = (
				FDCB47B7227643D800E1CDEF /* Debug */,
				FDCB47B8227643D800E1CDEF /* Release */,
			);
			defaultConfigurationIsVisible = 0;
			defaultConfigurationName = Release;
		};
/* End XCConfigurationList section */

/* Begin XCVersionGroup section */
		FDCB478F227643D600E1CDEF /* ToDoList.xcdatamodeld */ = {
			isa = XCVersionGroup;
			children = (
				FDCB4790227643D600E1CDEF /* ToDoList.xcdatamodel */,
			);
			currentVersion = FDCB4790227643D600E1CDEF /* ToDoList.xcdatamodel */;
			path = ToDoList.xcdatamodeld;
			sourceTree = "<group>";
			versionGroupType = wrapper.xcdatamodel;
		};
/* End XCVersionGroup section */
	};
	rootObject = FDCB477D227643D600E1CDEF /* Project object */;
}
